
Microsoft Visual Studio Solution File, Format Version 12.00
# Visual Studio 15
VisualStudioVersion = 15.0.27130.2026
MinimumVisualStudioVersion = 10.0.40219.1
Project("{FAE04EC0-301F-11D3-BF4B-00C04F79EFBC}") = "TigEra.DocScaner.Net", "TigEra.DocScaner.Net\TigEra.DocScaner.Net.csproj", "{139ED516-877C-4CF5-8BB5-0151EFB89443}"
EndProject
Project("{2150E333-8FDC-42A3-9474-1A3956D46DE8}") = "ocr", "ocr", "{6A9730CC-D126-4862-B4F4-DFCB1ED107ED}"
EndProject
Project("{FAE04EC0-301F-11D3-BF4B-00C04F79EFBC}") = "TigEra.DocScaner.OCR.Asprise", "TigEra.DocScaner.OCR.Asprise\TigEra.DocScaner.OCR.Asprise.csproj", "{C1731EFD-2FFD-40D9-9833-FE3058FCDDB9}"
EndProject
Project("{FAE04EC0-301F-11D3-BF4B-00C04F79EFBC}") = "TigEra.DocScaner.OCR.Aforge", "TigEra.DocScaner.OCR.Aforge\TigEra.DocScaner.OCR.Aforge.csproj", "{43B70FC5-4947-401C-BC48-21AA448F29C6}"
EndProject
Project("{FAE04EC0-301F-11D3-BF4B-00C04F79EFBC}") = "TigEra.DocScaner.OCR", "TigEra.DocScaner.OCR\TigEra.DocScaner.OCR.csproj", "{B8F806BC-8D50-4A46-A565-C4CD3A9C2B08}"
EndProject
Project("{FAE04EC0-301F-11D3-BF4B-00C04F79EFBC}") = "TigEra.DocScaner.OCR.Zxing", "TigEra.DocScaner.OCR.Zxing\TigEra.DocScaner.OCR.Zxing.csproj", "{8956BA83-9F0D-4B62-AA97-6DF8D87FC593}"
EndProject
Project("{FAE04EC0-301F-11D3-BF4B-00C04F79EFBC}") = "zxing.vs2012", "TigEra.DocScaner.OCR.zxingnet\zxing.vs2012.csproj", "{24074395-0196-4204-B516-CB6DBA2FC4B9}"
EndProject
Project("{FAE04EC0-301F-11D3-BF4B-00C04F79EFBC}") = "TigEra.DocScaner.OCR.NTess", "TigEra.DocScaner.OCR.NTess\TigEra.DocScaner.OCR.NTess.csproj", "{E2C62890-29E3-4615-9B0B-89AD6583AE28}"
EndProject
Project("{FAE04EC0-301F-11D3-BF4B-00C04F79EFBC}") = "TigEra.DocScaner.Definition", "TigEra.DocScaner.Definition\TigEra.DocScaner.Definition.csproj", "{02640C08-C135-4E2A-BEB0-9AA311E68EE2}"
EndProject
Project("{2150E333-8FDC-42A3-9474-1A3956D46DE8}") = "Solution Items", "Solution Items", "{A315ED3D-13C1-4749-AD1C-88EE18F8D464}"
	ProjectSection(SolutionItems) = preProject
		_readme.txt = _readme.txt
		myweb.py = myweb.py
		serversutup.py = serversutup.py
	EndProjectSection
EndProject
Project("{FAE04EC0-301F-11D3-BF4B-00C04F79EFBC}") = "TigEra.DocScaner.Main", "TigEra.DocScaner.Main\TigEra.DocScaner.Main.csproj", "{FE026E5D-0C72-4AEA-A770-A13B7B293BD8}"
EndProject
Project("{2150E333-8FDC-42A3-9474-1A3956D46DE8}") = "tools", "tools", "{90241DDC-C6D5-4A0C-9673-869DF82ED3AB}"
	ProjectSection(SolutionItems) = preProject
		_Tools\AdbeRdr11000_zh_CN11.0.0.379.1410747856.exe = _Tools\AdbeRdr11000_zh_CN11.0.0.379.1410747856.exe
		_Tools\AI160.exe = _Tools\AI160.exe
		_Tools\dotNET_Reactor.exe = _Tools\dotNET_Reactor.exe
		_Tools\hfs.exe = _Tools\hfs.exe
		_Tools\hfs.ini = _Tools\hfs.ini
		_Tools\ILMergeEx.exe = _Tools\ILMergeEx.exe
		_BrowserSupport\RegAsm.exe = _BrowserSupport\RegAsm.exe
		_Tools\twainkit.exe = _Tools\twainkit.exe
		_BrowserSupport\UserControlTestContainer.exe = _BrowserSupport\UserControlTestContainer.exe
		_Tools\VSI_bundle.exe = _Tools\VSI_bundle.exe
		_Tools\迷你ASP服务器 cn.exe = _Tools\迷你ASP服务器 cn.exe
	EndProjectSection
EndProject
Project("{2150E333-8FDC-42A3-9474-1A3956D46DE8}") = "BrowserSupport", "BrowserSupport", "{81D156FC-DA8F-4D59-9C2D-82C05AA8DC55}"
	ProjectSection(SolutionItems) = preProject
		_BrowserSupport\_readme.txt = _BrowserSupport\_readme.txt
		_BrowserSupport\ActivexIn_noneIE_Setup.exe = _BrowserSupport\ActivexIn_noneIE_Setup.exe
		_BrowserSupport\C#开发ActiveX控件及制作CAB包 _ 波斯马.mht = _BrowserSupport\C#开发ActiveX控件及制作CAB包 _ 波斯马.mht
		_BrowserSupport\cabsdk.exe = _BrowserSupport\cabsdk.exe
		_BrowserSupport\chrome.runactivex.crx = _BrowserSupport\chrome.runactivex.crx
		_BrowserSupport\chrome.runactivex.zip = _BrowserSupport\chrome.runactivex.zip
		_BrowserSupport\firefox.runactivex.xpi = _BrowserSupport\firefox.runactivex.xpi
		_BrowserSupport\html5 - canvas中使用中文字体如何处理？ - SegmentFault.mht = _BrowserSupport\html5 - canvas中使用中文字体如何处理？ - SegmentFault.mht
		_BrowserSupport\HTML5_Canvas_2D_API_规范_1.0_中文版.pdf = _BrowserSupport\HTML5_Canvas_2D_API_规范_1.0_中文版.pdf
		_BrowserSupport\index.html = _BrowserSupport\index.html
		_BrowserSupport\New Text Document.txt = _BrowserSupport\New Text Document.txt
		_BrowserSupport\Noname1.html = _BrowserSupport\Noname1.html
		_BrowserSupport\testfirefox.html = _BrowserSupport\testfirefox.html
		_BrowserSupport\使用C#开发ActiveX控件 控件开发、制作CAB包、签名、部署_西西软件资讯.mht = _BrowserSupport\使用C#开发ActiveX控件 控件开发、制作CAB包、签名、部署_西西软件资讯.mht
		_BrowserSupport\判断浏览器.html = _BrowserSupport\判断浏览器.html
		_BrowserSupport\多浏览器页面.html = _BrowserSupport\多浏览器页面.html
		_BrowserSupport\注册控件.bat = _BrowserSupport\注册控件.bat
	EndProjectSection
EndProject
Project("{FAE04EC0-301F-11D3-BF4B-00C04F79EFBC}") = "TigEra.DocScaner.Main.Exe", "TigEra.DocScaner.Main.Exe\TigEra.DocScaner.Main.Exe.csproj", "{893A8148-0BB1-4873-9E26-6E2477D0928A}"
	ProjectSection(ProjectDependencies) = postProject
		{D9A2BE12-861F-403A-8E99-9F6A3A11DBFC} = {D9A2BE12-861F-403A-8E99-9F6A3A11DBFC}
		{BF362217-EDC2-4648-AECE-C78E65B1B1FD} = {BF362217-EDC2-4648-AECE-C78E65B1B1FD}
		{E5984E3A-4A36-453D-AAC4-66B69857B32C} = {E5984E3A-4A36-453D-AAC4-66B69857B32C}
		{AEA49A3D-AA79-4326-AC7E-5D609F4766AB} = {AEA49A3D-AA79-4326-AC7E-5D609F4766AB}
		{CFDB7D46-EA8D-47DE-B10A-9E755A1B48BA} = {CFDB7D46-EA8D-47DE-B10A-9E755A1B48BA}
		{8C3A5B52-1AE7-44BF-9215-2DE09C101BE9} = {8C3A5B52-1AE7-44BF-9215-2DE09C101BE9}
		{5384CE57-1F94-4D22-860D-2E9C1AC12DDF} = {5384CE57-1F94-4D22-860D-2E9C1AC12DDF}
		{7B1C9363-67BC-4B10-9667-9DCAF01171DD} = {7B1C9363-67BC-4B10-9667-9DCAF01171DD}
		{0E1C4D81-B621-4583-A75A-39F32E5EDBA1} = {0E1C4D81-B621-4583-A75A-39F32E5EDBA1}
		{8956BA83-9F0D-4B62-AA97-6DF8D87FC593} = {8956BA83-9F0D-4B62-AA97-6DF8D87FC593}
		{50DEE389-70E7-4C63-AE73-61A1E5EDDFEB} = {50DEE389-70E7-4C63-AE73-61A1E5EDDFEB}
		{2BD4258B-463F-4000-A9E1-0CE1116D7F92} = {2BD4258B-463F-4000-A9E1-0CE1116D7F92}
		{E2C62890-29E3-4615-9B0B-89AD6583AE28} = {E2C62890-29E3-4615-9B0B-89AD6583AE28}
		{382A5E90-9BEF-4DE6-9D2F-248E071F539A} = {382A5E90-9BEF-4DE6-9D2F-248E071F539A}
		{84397994-CDFB-409E-A9A9-393FAD23D424} = {84397994-CDFB-409E-A9A9-393FAD23D424}
		{24074395-0196-4204-B516-CB6DBA2FC4B9} = {24074395-0196-4204-B516-CB6DBA2FC4B9}
		{7F6C5DAC-61D3-4FB6-807D-57C041B4784D} = {7F6C5DAC-61D3-4FB6-807D-57C041B4784D}
		{59147CAC-3A86-4160-830A-442B26AFBF7F} = {59147CAC-3A86-4160-830A-442B26AFBF7F}
		{B8F806BC-8D50-4A46-A565-C4CD3A9C2B08} = {B8F806BC-8D50-4A46-A565-C4CD3A9C2B08}
		{6551F6BE-6950-451A-BB57-29DCB46B4DBA} = {6551F6BE-6950-451A-BB57-29DCB46B4DBA}
		{1F2837C6-05E6-4FE2-88C8-0E58E8CE21D2} = {1F2837C6-05E6-4FE2-88C8-0E58E8CE21D2}
		{008993C9-9795-4209-AB98-34101B4430A7} = {008993C9-9795-4209-AB98-34101B4430A7}
		{7AB36CCF-5FFD-4780-A54E-A102ECA028B5} = {7AB36CCF-5FFD-4780-A54E-A102ECA028B5}
		{DFDCC5DC-71D7-4C44-8AA1-5405955DC933} = {DFDCC5DC-71D7-4C44-8AA1-5405955DC933}
		{42DA03EC-9A5C-427C-8189-34FD39F4B4AC} = {42DA03EC-9A5C-427C-8189-34FD39F4B4AC}
		{A97D43F0-A3BE-4B35-8BFD-7932E0795E24} = {A97D43F0-A3BE-4B35-8BFD-7932E0795E24}
		{C1731EFD-2FFD-40D9-9833-FE3058FCDDB9} = {C1731EFD-2FFD-40D9-9833-FE3058FCDDB9}
	EndProjectSection
EndProject
Project("{2150E333-8FDC-42A3-9474-1A3956D46DE8}") = "reference", "reference", "{C5882027-50F0-4140-B590-6A9D558A884F}"
	ProjectSection(SolutionItems) = preProject
		reference\_readme.txt = reference\_readme.txt
		reference\AForge.Controls.dll = reference\AForge.Controls.dll
		reference\AForge.Controls.xml = reference\AForge.Controls.xml
		reference\AForge.dll = reference\AForge.dll
		reference\AForge.Imaging.dll = reference\AForge.Imaging.dll
		reference\AForge.Imaging.xml = reference\AForge.Imaging.xml
		reference\AForge.Math.dll = reference\AForge.Math.dll
		reference\AForge.Math.xml = reference\AForge.Math.xml
		reference\AForge.Video.DirectShow.dll = reference\AForge.Video.DirectShow.dll
		reference\AForge.Video.DirectShow.xml = reference\AForge.Video.DirectShow.xml
		reference\AForge.Video.dll = reference\AForge.Video.dll
		reference\AForge.Video.xml = reference\AForge.Video.xml
		reference\AForge.xml = reference\AForge.xml
		reference\Google.ProtocolBuffers.dll = reference\Google.ProtocolBuffers.dll
		reference\Google.ProtocolBuffers.Serialization.dll = reference\Google.ProtocolBuffers.Serialization.dll
		reference\Google.ProtocolBuffers.xml = reference\Google.ProtocolBuffers.xml
		reference\ICSharpCode.SharpZipLib.dll = reference\ICSharpCode.SharpZipLib.dll
		reference\log4net.dll = reference\log4net.dll
		reference\log4net.xml = reference\log4net.xml
		reference\Telerik.WinControls.dll = reference\Telerik.WinControls.dll
		reference\Telerik.WinControls.UI.dll = reference\Telerik.WinControls.UI.dll
		reference\TelerikCommon.dll = reference\TelerikCommon.dll
	EndProjectSection
EndProject
Project("{2150E333-8FDC-42A3-9474-1A3956D46DE8}") = "Documents", "Documents", "{DA6C165D-1C6E-4957-A62C-78F79067089E}"
	ProjectSection(SolutionItems) = preProject
		_Documents\0.jpg = _Documents\0.jpg
		_Documents\1.jpg = _Documents\1.jpg
		_Documents\13.jpg = _Documents\13.jpg
		_Documents\14.jpg = _Documents\14.jpg
		_Documents\2.jpg = _Documents\2.jpg
		_Documents\3.jpg = _Documents\3.jpg
		_Documents\5.jpg = _Documents\5.jpg
		_Documents\6.jpg = _Documents\6.jpg
		_Documents\61ba80e4gw1egmxh9fvidg20bo06knpd.gif = _Documents\61ba80e4gw1egmxh9fvidg20bo06knpd.gif
		_Documents\9.jpg = _Documents\9.jpg
		_Documents\ActiveX-OCX功能性需求.docx = _Documents\ActiveX-OCX功能性需求.docx
		_Documents\ActiveX-OCX功能性需求.pdf = _Documents\ActiveX-OCX功能性需求.pdf
		_Documents\DjVuComparisonExcerpt.djvu = _Documents\DjVuComparisonExcerpt.djvu
		_Documents\New Rich Text Document.rtf = _Documents\New Rich Text Document.rtf
		_Documents\中科金财影像内容管理产品应用共享.ppt = _Documents\中科金财影像内容管理产品应用共享.ppt
		_Documents\中科金财简介.docx = _Documents\中科金财简介.docx
		_Documents\会议纪要_2014年10月21日 .xlsx = _Documents\会议纪要_2014年10月21日 .xlsx
		_Documents\升级的新实现方案.txt = _Documents\升级的新实现方案.txt
		_Documents\多浏览器页面.html = _Documents\多浏览器页面.html
		_Documents\影像平台采购需求.docx = _Documents\影像平台采购需求.docx
		_Documents\邮政影像测试.docx = _Documents\邮政影像测试.docx
	EndProjectSection
EndProject
Project("{2150E333-8FDC-42A3-9474-1A3956D46DE8}") = "Adapters", "Adapters", "{6A6338F9-0AB4-439F-99C8-4B20838C0DC2}"
EndProject
Project("{FAE04EC0-301F-11D3-BF4B-00C04F79EFBC}") = "TigEra.DocScaner.Adapter.SharpWebcam", "TigEra.DocScaner.Adapter.SharpWebcam\TigEra.DocScaner.Adapter.SharpWebcam.csproj", "{026D3CE9-5B8C-4D91-AEE4-4CBD22086696}"
EndProject
Project("{FAE04EC0-301F-11D3-BF4B-00C04F79EFBC}") = "TigEra.DocScaner.Adapter.SharpTwain", "TigEra.DocScaner.Adapter.SharpTwain\TigEra.DocScaner.Adapter.SharpTwain.csproj", "{478B1589-F7BD-46FC-A756-84B75225FA53}"
EndProject
Project("{FAE04EC0-301F-11D3-BF4B-00C04F79EFBC}") = "TigEra.DocScaner.Adapter.SharpImportFile", "TigEra.DocScaner.Adapter.SharpImportFile\TigEra.DocScaner.Adapter.SharpImportFile.csproj", "{F53E8005-2594-477B-AF0E-A05A1478A9A6}"
EndProject
Project("{FAE04EC0-301F-11D3-BF4B-00C04F79EFBC}") = "TigEra.DocScaner.Adapter.SharpImportDir", "TigEra.DocScaner.Adapter.SharpImportDir\TigEra.DocScaner.Adapter.SharpImportDir.csproj", "{D85585E9-4032-4ED4-9456-31789F374C51}"
EndProject
Project("{FAE04EC0-301F-11D3-BF4B-00C04F79EFBC}") = "TigEra.DocScaner.AdapterFactory", "TigEra.DocScaner.AdapterFactory\TigEra.DocScaner.AdapterFactory.csproj", "{424A8900-113F-4E39-9D13-364694E409E3}"
EndProject
Project("{FAE04EC0-301F-11D3-BF4B-00C04F79EFBC}") = "TigEra.DocScaner.Adapter.SharpRecordAV", "TigEra.DocScaner.Adapter.SharpRecordAV\TigEra.DocScaner.Adapter.SharpRecordAV.csproj", "{DFDCC5DC-71D7-4C44-8AA1-5405955DC933}"
EndProject
Project("{FAE04EC0-301F-11D3-BF4B-00C04F79EFBC}") = "TigEra.DocScaner.Adapter.PowerTwain", "TigEra.DocScaner.Adapter.PBTwain\TigEra.DocScaner.Adapter.PowerTwain.csproj", "{6551F6BE-6950-451A-BB57-29DCB46B4DBA}"
EndProject
Project("{2150E333-8FDC-42A3-9474-1A3956D46DE8}") = "Views", "Views", "{6F210B3B-7396-45EE-82BA-AF1DF3E185A6}"
EndProject
Project("{FAE04EC0-301F-11D3-BF4B-00C04F79EFBC}") = "TigEra.DocScaner.View.IE", "TigEra.DocScaner.View.IE\TigEra.DocScaner.View.IE.csproj", "{BF362217-EDC2-4648-AECE-C78E65B1B1FD}"
EndProject
Project("{FAE04EC0-301F-11D3-BF4B-00C04F79EFBC}") = "TigEra.DocScaner.View.DJVU", "TigEra.DocScaner.View.DJVU\TigEra.DocScaner.View.DJVU.csproj", "{E5984E3A-4A36-453D-AAC4-66B69857B32C}"
EndProject
Project("{FAE04EC0-301F-11D3-BF4B-00C04F79EFBC}") = "TigEra.DocScaner.View.PDF_Foxit", "TigEra.DocScaner.View.PDF_Foxit\TigEra.DocScaner.View.PDF_Foxit.csproj", "{008993C9-9795-4209-AB98-34101B4430A7}"
EndProject
Project("{FAE04EC0-301F-11D3-BF4B-00C04F79EFBC}") = "TigEra.DocScaner.View.RTF_TXT", "TigEra.DocScaner.View.RTF_TXT\TigEra.DocScaner.View.RTF_TXT.csproj", "{382A5E90-9BEF-4DE6-9D2F-248E071F539A}"
EndProject
Project("{FAE04EC0-301F-11D3-BF4B-00C04F79EFBC}") = "TigEra.DocScaner.View.Office_Dso", "TigEra.DocScaner.View.Office_Dso\TigEra.DocScaner.View.Office_Dso.csproj", "{8C3A5B52-1AE7-44BF-9215-2DE09C101BE9}"
EndProject
Project("{FAE04EC0-301F-11D3-BF4B-00C04F79EFBC}") = "TigEra.DocScaner.View.Manager", "TigEra.DocScaner.View.Manager\TigEra.DocScaner.View.Manager.csproj", "{50DEE389-70E7-4C63-AE73-61A1E5EDDFEB}"
EndProject
Project("{2150E333-8FDC-42A3-9474-1A3956D46DE8}") = "Tests", "Tests", "{A0A308F2-3403-45BB-BAC2-9699C9815FAC}"
EndProject
Project("{FAE04EC0-301F-11D3-BF4B-00C04F79EFBC}") = "Test.TigEra.DocScaner.Adapter", "Test.TigEra.DocScaner.Adapter\Test.TigEra.DocScaner.Adapter.csproj", "{A97D43F0-A3BE-4B35-8BFD-7932E0795E24}"
EndProject
Project("{FAE04EC0-301F-11D3-BF4B-00C04F79EFBC}") = "Test.TigEra.DocScaner.Net", "Test.TigEra.DocScaner.Net\Test.TigEra.DocScaner.Net.csproj", "{7B1C9363-67BC-4B10-9667-9DCAF01171DD}"
EndProject
Project("{2150E333-8FDC-42A3-9474-1A3956D46DE8}") = "Basic", "Basic", "{D6908784-66A1-490F-92F0-FF59BB204637}"
EndProject
Project("{FAE04EC0-301F-11D3-BF4B-00C04F79EFBC}") = "TigEra.DocScaner.Common", "TigEra.DocScaner.Common\TigEra.DocScaner.Common.csproj", "{FCADD5D7-4D93-41E2-9F8B-915D14E10D24}"
EndProject
Project("{FAE04EC0-301F-11D3-BF4B-00C04F79EFBC}") = "TigEra.DocScaner.ImgUtils", "TigEra.DocScaner.ImgUtils\TigEra.DocScaner.ImgUtils.csproj", "{1F2837C6-05E6-4FE2-88C8-0E58E8CE21D2}"
EndProject
Project("{FAE04EC0-301F-11D3-BF4B-00C04F79EFBC}") = "TigEra.DocScaner.PDFUtils", "TigEra.DocScaner.PDFUtils\TigEra.DocScaner.PDFUtils.csproj", "{0E1C4D81-B621-4583-A75A-39F32E5EDBA1}"
EndProject
Project("{FAE04EC0-301F-11D3-BF4B-00C04F79EFBC}") = "PdfSharp", "TigEra.DocScaner.PDFUtils\PDFSharp-MigraDocFoundation-1_32\PDFsharp\code\PdfSharp\PdfSharp.csproj", "{5384CE57-1F94-4D22-860D-2E9C1AC12DDF}"
EndProject
Project("{FAE04EC0-301F-11D3-BF4B-00C04F79EFBC}") = "PdfSharp.Charting", "TigEra.DocScaner.PDFUtils\PDFSharp-MigraDocFoundation-1_32\PDFsharp\code\PdfSharp.Charting\PdfSharp.Charting.csproj", "{CFDB7D46-EA8D-47DE-B10A-9E755A1B48BA}"
EndProject
Project("{FAE04EC0-301F-11D3-BF4B-00C04F79EFBC}") = "TigEra.SharpNet", "..\common\Tigera.Net\TigEra.SharpNet.csproj", "{7AB36CCF-5FFD-4780-A54E-A102ECA028B5}"
EndProject
Project("{2150E333-8FDC-42A3-9474-1A3956D46DE8}") = "Extras", "Extras", "{B34E5A7F-D7CA-4201-AE01-554F53204E45}"
EndProject
Project("{FAE04EC0-301F-11D3-BF4B-00C04F79EFBC}") = "TigEra.DocScaner.Browser", "TigEra.DocScaner.Browser\TigEra.DocScaner.Browser.csproj", "{D9A2BE12-861F-403A-8E99-9F6A3A11DBFC}"
EndProject
Project("{FAE04EC0-301F-11D3-BF4B-00C04F79EFBC}") = "TigEra.DocScaner.Register", "TigEra.DocScaner.Register\TigEra.DocScaner.Register.csproj", "{C5AF8268-1151-41FF-81A5-B412D797DA4F}"
EndProject
Project("{FAE04EC0-301F-11D3-BF4B-00C04F79EFBC}") = "TigEra.DocScaner.JobCenter", "TigEra.DocScaner.JobCenter\TigEra.DocScaner.JobCenter.csproj", "{59147CAC-3A86-4160-830A-442B26AFBF7F}"
EndProject
Project("{FAE04EC0-301F-11D3-BF4B-00C04F79EFBC}") = "TigEra.DocScaner.BugReport", "TigEra.DocScaner.BugReport\TigEra.DocScaner.BugReport.csproj", "{7F6C5DAC-61D3-4FB6-807D-57C041B4784D}"
EndProject
Project("{FAE04EC0-301F-11D3-BF4B-00C04F79EFBC}") = "TigEra.DocScaner.Setup", "TigEra.DocScaner.Setup\TigEra.DocScaner.Setup.csproj", "{AEA49A3D-AA79-4326-AC7E-5D609F4766AB}"
EndProject
Project("{2150E333-8FDC-42A3-9474-1A3956D46DE8}") = "Update", "Update", "{104BA456-89FE-4FE7-81A7-B76213905918}"
EndProject
Project("{FAE04EC0-301F-11D3-BF4B-00C04F79EFBC}") = "TigEra.DocScaner.Updater", "Updater\TigEra.DocScaner.Updater.csproj", "{42DA03EC-9A5C-427C-8189-34FD39F4B4AC}"
EndProject
Project("{FAE04EC0-301F-11D3-BF4B-00C04F79EFBC}") = "Update.Maker", "Update.Maker\Update.Maker.csproj", "{84397994-CDFB-409E-A9A9-393FAD23D424}"
EndProject
Project("{FAE04EC0-301F-11D3-BF4B-00C04F79EFBC}") = "TigEra.DocScaner.Updater.Exe", "TigEra.DocScaner.Updater.Exe\TigEra.DocScaner.Updater.Exe.csproj", "{2BD4258B-463F-4000-A9E1-0CE1116D7F92}"
EndProject
Project("{2150E333-8FDC-42A3-9474-1A3956D46DE8}") = "Mobile", "Mobile", "{804D0A6E-0A5D-4CBC-BB5D-09344B7A8582}"
EndProject
Project("{FAE04EC0-301F-11D3-BF4B-00C04F79EFBC}") = "SimpleBrowser", "TigEra.DocScaner.Browser\SimpleBrowser.csproj", "{FFE2FCC5-3D42-4A40-AC77-C75CB04DA498}"
EndProject
Project("{FAE04EC0-301F-11D3-BF4B-00C04F79EFBC}") = "Tigera.OpenAnything", "Tigera.OpenAnything\Tigera.OpenAnything.csproj", "{0FDAADD3-3C5A-408E-B065-40EDF5CCB0EE}"
EndProject
Project("{FAE04EC0-301F-11D3-BF4B-00C04F79EFBC}") = "Tigera.Core", "..\common\Tigera.Core\Tigera.Core.csproj", "{D196A039-63D2-4A0A-9441-7606A3840D5B}"
EndProject
Project("{FAE04EC0-301F-11D3-BF4B-00C04F79EFBC}") = "Tigera.FileTypeRegister", "Tigera.FileTypeRegister\Tigera.FileTypeRegister.csproj", "{B52B6EA7-BF53-488C-81C6-025979652FDB}"
EndProject
Global
	GlobalSection(SolutionConfigurationPlatforms) = preSolution
		Debug|Any CPU = Debug|Any CPU
		Debug|Default = Debug|Default
		Debug|Mixed Platforms = Debug|Mixed Platforms
		Debug|Win32 = Debug|Win32
		Debug|x86 = Debug|x86
	EndGlobalSection
	GlobalSection(ProjectConfigurationPlatforms) = postSolution
		{139ED516-877C-4CF5-8BB5-0151EFB89443}.Debug|Any CPU.ActiveCfg = Debug|Any CPU
		{139ED516-877C-4CF5-8BB5-0151EFB89443}.Debug|Any CPU.Build.0 = Debug|Any CPU
		{139ED516-877C-4CF5-8BB5-0151EFB89443}.Debug|Default.ActiveCfg = Debug|Any CPU
		{139ED516-877C-4CF5-8BB5-0151EFB89443}.Debug|Default.Build.0 = Debug|Any CPU
		{139ED516-877C-4CF5-8BB5-0151EFB89443}.Debug|Mixed Platforms.ActiveCfg = Debug|x86
		{139ED516-877C-4CF5-8BB5-0151EFB89443}.Debug|Mixed Platforms.Build.0 = Debug|x86
		{139ED516-877C-4CF5-8BB5-0151EFB89443}.Debug|Win32.ActiveCfg = Debug|x86
		{139ED516-877C-4CF5-8BB5-0151EFB89443}.Debug|Win32.Build.0 = Debug|x86
		{139ED516-877C-4CF5-8BB5-0151EFB89443}.Debug|x86.ActiveCfg = Debug|x86
		{139ED516-877C-4CF5-8BB5-0151EFB89443}.Debug|x86.Build.0 = Debug|x86
		{C1731EFD-2FFD-40D9-9833-FE3058FCDDB9}.Debug|Any CPU.ActiveCfg = Debug|Any CPU
		{C1731EFD-2FFD-40D9-9833-FE3058FCDDB9}.Debug|Any CPU.Build.0 = Debug|Any CPU
		{C1731EFD-2FFD-40D9-9833-FE3058FCDDB9}.Debug|Default.ActiveCfg = Debug|Any CPU
		{C1731EFD-2FFD-40D9-9833-FE3058FCDDB9}.Debug|Default.Build.0 = Debug|Any CPU
		{C1731EFD-2FFD-40D9-9833-FE3058FCDDB9}.Debug|Mixed Platforms.ActiveCfg = Debug|x86
		{C1731EFD-2FFD-40D9-9833-FE3058FCDDB9}.Debug|Mixed Platforms.Build.0 = Debug|x86
		{C1731EFD-2FFD-40D9-9833-FE3058FCDDB9}.Debug|Win32.ActiveCfg = Debug|x86
		{C1731EFD-2FFD-40D9-9833-FE3058FCDDB9}.Debug|Win32.Build.0 = Debug|x86
		{C1731EFD-2FFD-40D9-9833-FE3058FCDDB9}.Debug|x86.ActiveCfg = Debug|x86
		{C1731EFD-2FFD-40D9-9833-FE3058FCDDB9}.Debug|x86.Build.0 = Debug|x86
		{43B70FC5-4947-401C-BC48-21AA448F29C6}.Debug|Any CPU.ActiveCfg = Debug|Any CPU
		{43B70FC5-4947-401C-BC48-21AA448F29C6}.Debug|Any CPU.Build.0 = Debug|Any CPU
		{43B70FC5-4947-401C-BC48-21AA448F29C6}.Debug|Default.ActiveCfg = Debug|Any CPU
		{43B70FC5-4947-401C-BC48-21AA448F29C6}.Debug|Default.Build.0 = Debug|Any CPU
		{43B70FC5-4947-401C-BC48-21AA448F29C6}.Debug|Mixed Platforms.ActiveCfg = Debug|x86
		{43B70FC5-4947-401C-BC48-21AA448F29C6}.Debug|Mixed Platforms.Build.0 = Debug|x86
		{43B70FC5-4947-401C-BC48-21AA448F29C6}.Debug|Win32.ActiveCfg = Debug|x86
		{43B70FC5-4947-401C-BC48-21AA448F29C6}.Debug|Win32.Build.0 = Debug|x86
		{43B70FC5-4947-401C-BC48-21AA448F29C6}.Debug|x86.ActiveCfg = Debug|x86
		{43B70FC5-4947-401C-BC48-21AA448F29C6}.Debug|x86.Build.0 = Debug|x86
		{B8F806BC-8D50-4A46-A565-C4CD3A9C2B08}.Debug|Any CPU.ActiveCfg = Debug|Any CPU
		{B8F806BC-8D50-4A46-A565-C4CD3A9C2B08}.Debug|Any CPU.Build.0 = Debug|Any CPU
		{B8F806BC-8D50-4A46-A565-C4CD3A9C2B08}.Debug|Default.ActiveCfg = Debug|Any CPU
		{B8F806BC-8D50-4A46-A565-C4CD3A9C2B08}.Debug|Default.Build.0 = Debug|Any CPU
		{B8F806BC-8D50-4A46-A565-C4CD3A9C2B08}.Debug|Mixed Platforms.ActiveCfg = Debug|x86
		{B8F806BC-8D50-4A46-A565-C4CD3A9C2B08}.Debug|Mixed Platforms.Build.0 = Debug|x86
		{B8F806BC-8D50-4A46-A565-C4CD3A9C2B08}.Debug|Win32.ActiveCfg = Debug|x86
		{B8F806BC-8D50-4A46-A565-C4CD3A9C2B08}.Debug|Win32.Build.0 = Debug|x86
		{B8F806BC-8D50-4A46-A565-C4CD3A9C2B08}.Debug|x86.ActiveCfg = Debug|x86
		{B8F806BC-8D50-4A46-A565-C4CD3A9C2B08}.Debug|x86.Build.0 = Debug|x86
		{8956BA83-9F0D-4B62-AA97-6DF8D87FC593}.Debug|Any CPU.ActiveCfg = Debug|Any CPU
		{8956BA83-9F0D-4B62-AA97-6DF8D87FC593}.Debug|Any CPU.Build.0 = Debug|Any CPU
		{8956BA83-9F0D-4B62-AA97-6DF8D87FC593}.Debug|Default.ActiveCfg = Debug|Any CPU
		{8956BA83-9F0D-4B62-AA97-6DF8D87FC593}.Debug|Default.Build.0 = Debug|Any CPU
		{8956BA83-9F0D-4B62-AA97-6DF8D87FC593}.Debug|Mixed Platforms.ActiveCfg = Debug|x86
		{8956BA83-9F0D-4B62-AA97-6DF8D87FC593}.Debug|Mixed Platforms.Build.0 = Debug|x86
		{8956BA83-9F0D-4B62-AA97-6DF8D87FC593}.Debug|Win32.ActiveCfg = Debug|x86
		{8956BA83-9F0D-4B62-AA97-6DF8D87FC593}.Debug|Win32.Build.0 = Debug|x86
		{8956BA83-9F0D-4B62-AA97-6DF8D87FC593}.Debug|x86.ActiveCfg = Debug|x86
		{8956BA83-9F0D-4B62-AA97-6DF8D87FC593}.Debug|x86.Build.0 = Debug|x86
		{24074395-0196-4204-B516-CB6DBA2FC4B9}.Debug|Any CPU.ActiveCfg = Debug|Any CPU
		{24074395-0196-4204-B516-CB6DBA2FC4B9}.Debug|Any CPU.Build.0 = Debug|Any CPU
		{24074395-0196-4204-B516-CB6DBA2FC4B9}.Debug|Default.ActiveCfg = Debug|Any CPU
		{24074395-0196-4204-B516-CB6DBA2FC4B9}.Debug|Default.Build.0 = Debug|Any CPU
		{24074395-0196-4204-B516-CB6DBA2FC4B9}.Debug|Mixed Platforms.ActiveCfg = Debug|x86
		{24074395-0196-4204-B516-CB6DBA2FC4B9}.Debug|Mixed Platforms.Build.0 = Debug|x86
		{24074395-0196-4204-B516-CB6DBA2FC4B9}.Debug|Win32.ActiveCfg = Debug|x86
		{24074395-0196-4204-B516-CB6DBA2FC4B9}.Debug|Win32.Build.0 = Debug|x86
		{24074395-0196-4204-B516-CB6DBA2FC4B9}.Debug|x86.ActiveCfg = Debug|x86
		{24074395-0196-4204-B516-CB6DBA2FC4B9}.Debug|x86.Build.0 = Debug|x86
		{E2C62890-29E3-4615-9B0B-89AD6583AE28}.Debug|Any CPU.ActiveCfg = Debug|Any CPU
		{E2C62890-29E3-4615-9B0B-89AD6583AE28}.Debug|Any CPU.Build.0 = Debug|Any CPU
		{E2C62890-29E3-4615-9B0B-89AD6583AE28}.Debug|Default.ActiveCfg = Debug|Any CPU
		{E2C62890-29E3-4615-9B0B-89AD6583AE28}.Debug|Default.Build.0 = Debug|Any CPU
		{E2C62890-29E3-4615-9B0B-89AD6583AE28}.Debug|Mixed Platforms.ActiveCfg = Debug|x86
		{E2C62890-29E3-4615-9B0B-89AD6583AE28}.Debug|Mixed Platforms.Build.0 = Debug|x86
		{E2C62890-29E3-4615-9B0B-89AD6583AE28}.Debug|Win32.ActiveCfg = Debug|x86
		{E2C62890-29E3-4615-9B0B-89AD6583AE28}.Debug|Win32.Build.0 = Debug|x86
		{E2C62890-29E3-4615-9B0B-89AD6583AE28}.Debug|x86.ActiveCfg = Debug|x86
		{E2C62890-29E3-4615-9B0B-89AD6583AE28}.Debug|x86.Build.0 = Debug|x86
		{02640C08-C135-4E2A-BEB0-9AA311E68EE2}.Debug|Any CPU.ActiveCfg = Debug|Any CPU
		{02640C08-C135-4E2A-BEB0-9AA311E68EE2}.Debug|Any CPU.Build.0 = Debug|Any CPU
		{02640C08-C135-4E2A-BEB0-9AA311E68EE2}.Debug|Default.ActiveCfg = Debug|Any CPU
		{02640C08-C135-4E2A-BEB0-9AA311E68EE2}.Debug|Default.Build.0 = Debug|Any CPU
		{02640C08-C135-4E2A-BEB0-9AA311E68EE2}.Debug|Mixed Platforms.ActiveCfg = Debug|x86
		{02640C08-C135-4E2A-BEB0-9AA311E68EE2}.Debug|Mixed Platforms.Build.0 = Debug|x86
		{02640C08-C135-4E2A-BEB0-9AA311E68EE2}.Debug|Win32.ActiveCfg = Debug|x86
		{02640C08-C135-4E2A-BEB0-9AA311E68EE2}.Debug|Win32.Build.0 = Debug|x86
		{02640C08-C135-4E2A-BEB0-9AA311E68EE2}.Debug|x86.ActiveCfg = Debug|x86
		{02640C08-C135-4E2A-BEB0-9AA311E68EE2}.Debug|x86.Build.0 = Debug|x86
		{FE026E5D-0C72-4AEA-A770-A13B7B293BD8}.Debug|Any CPU.ActiveCfg = Debug|Any CPU
		{FE026E5D-0C72-4AEA-A770-A13B7B293BD8}.Debug|Any CPU.Build.0 = Debug|Any CPU
		{FE026E5D-0C72-4AEA-A770-A13B7B293BD8}.Debug|Default.ActiveCfg = Debug|Any CPU
		{FE026E5D-0C72-4AEA-A770-A13B7B293BD8}.Debug|Default.Build.0 = Debug|Any CPU
		{FE026E5D-0C72-4AEA-A770-A13B7B293BD8}.Debug|Mixed Platforms.ActiveCfg = Debug|x86
		{FE026E5D-0C72-4AEA-A770-A13B7B293BD8}.Debug|Mixed Platforms.Build.0 = Debug|x86
		{FE026E5D-0C72-4AEA-A770-A13B7B293BD8}.Debug|Win32.ActiveCfg = Debug|x86
		{FE026E5D-0C72-4AEA-A770-A13B7B293BD8}.Debug|Win32.Build.0 = Debug|x86
		{FE026E5D-0C72-4AEA-A770-A13B7B293BD8}.Debug|x86.ActiveCfg = Debug|x86
		{FE026E5D-0C72-4AEA-A770-A13B7B293BD8}.Debug|x86.Build.0 = Debug|x86
		{893A8148-0BB1-4873-9E26-6E2477D0928A}.Debug|Any CPU.ActiveCfg = Debug|Any CPU
		{893A8148-0BB1-4873-9E26-6E2477D0928A}.Debug|Any CPU.Build.0 = Debug|Any CPU
		{893A8148-0BB1-4873-9E26-6E2477D0928A}.Debug|Default.ActiveCfg = Debug|Any CPU
		{893A8148-0BB1-4873-9E26-6E2477D0928A}.Debug|Default.Build.0 = Debug|Any CPU
		{893A8148-0BB1-4873-9E26-6E2477D0928A}.Debug|Mixed Platforms.ActiveCfg = Debug|x86
		{893A8148-0BB1-4873-9E26-6E2477D0928A}.Debug|Mixed Platforms.Build.0 = Debug|x86
		{893A8148-0BB1-4873-9E26-6E2477D0928A}.Debug|Win32.ActiveCfg = Debug|x86
		{893A8148-0BB1-4873-9E26-6E2477D0928A}.Debug|Win32.Build.0 = Debug|x86
		{893A8148-0BB1-4873-9E26-6E2477D0928A}.Debug|x86.ActiveCfg = Debug|x86
		{893A8148-0BB1-4873-9E26-6E2477D0928A}.Debug|x86.Build.0 = Debug|x86
		{026D3CE9-5B8C-4D91-AEE4-4CBD22086696}.Debug|Any CPU.ActiveCfg = Debug|Any CPU
		{026D3CE9-5B8C-4D91-AEE4-4CBD22086696}.Debug|Any CPU.Build.0 = Debug|Any CPU
		{026D3CE9-5B8C-4D91-AEE4-4CBD22086696}.Debug|Default.ActiveCfg = Debug|Any CPU
		{026D3CE9-5B8C-4D91-AEE4-4CBD22086696}.Debug|Default.Build.0 = Debug|Any CPU
		{026D3CE9-5B8C-4D91-AEE4-4CBD22086696}.Debug|Mixed Platforms.ActiveCfg = Debug|x86
		{026D3CE9-5B8C-4D91-AEE4-4CBD22086696}.Debug|Mixed Platforms.Build.0 = Debug|x86
		{026D3CE9-5B8C-4D91-AEE4-4CBD22086696}.Debug|Win32.ActiveCfg = Debug|x86
		{026D3CE9-5B8C-4D91-AEE4-4CBD22086696}.Debug|Win32.Build.0 = Debug|x86
		{026D3CE9-5B8C-4D91-AEE4-4CBD22086696}.Debug|x86.ActiveCfg = Debug|x86
		{026D3CE9-5B8C-4D91-AEE4-4CBD22086696}.Debug|x86.Build.0 = Debug|x86
		{478B1589-F7BD-46FC-A756-84B75225FA53}.Debug|Any CPU.ActiveCfg = Debug|Any CPU
		{478B1589-F7BD-46FC-A756-84B75225FA53}.Debug|Any CPU.Build.0 = Debug|Any CPU
		{478B1589-F7BD-46FC-A756-84B75225FA53}.Debug|Default.ActiveCfg = Debug|Any CPU
		{478B1589-F7BD-46FC-A756-84B75225FA53}.Debug|Default.Build.0 = Debug|Any CPU
		{478B1589-F7BD-46FC-A756-84B75225FA53}.Debug|Mixed Platforms.ActiveCfg = Debug|x86
		{478B1589-F7BD-46FC-A756-84B75225FA53}.Debug|Mixed Platforms.Build.0 = Debug|x86
		{478B1589-F7BD-46FC-A756-84B75225FA53}.Debug|Win32.ActiveCfg = Debug|x86
		{478B1589-F7BD-46FC-A756-84B75225FA53}.Debug|Win32.Build.0 = Debug|x86
		{478B1589-F7BD-46FC-A756-84B75225FA53}.Debug|x86.ActiveCfg = Debug|x86
		{478B1589-F7BD-46FC-A756-84B75225FA53}.Debug|x86.Build.0 = Debug|x86
		{F53E8005-2594-477B-AF0E-A05A1478A9A6}.Debug|Any CPU.ActiveCfg = Debug|Any CPU
		{F53E8005-2594-477B-AF0E-A05A1478A9A6}.Debug|Any CPU.Build.0 = Debug|Any CPU
		{F53E8005-2594-477B-AF0E-A05A1478A9A6}.Debug|Default.ActiveCfg = Debug|Any CPU
		{F53E8005-2594-477B-AF0E-A05A1478A9A6}.Debug|Default.Build.0 = Debug|Any CPU
		{F53E8005-2594-477B-AF0E-A05A1478A9A6}.Debug|Mixed Platforms.ActiveCfg = Debug|x86
		{F53E8005-2594-477B-AF0E-A05A1478A9A6}.Debug|Mixed Platforms.Build.0 = Debug|x86
		{F53E8005-2594-477B-AF0E-A05A1478A9A6}.Debug|Win32.ActiveCfg = Debug|x86
		{F53E8005-2594-477B-AF0E-A05A1478A9A6}.Debug|Win32.Build.0 = Debug|x86
		{F53E8005-2594-477B-AF0E-A05A1478A9A6}.Debug|x86.ActiveCfg = Debug|x86
		{F53E8005-2594-477B-AF0E-A05A1478A9A6}.Debug|x86.Build.0 = Debug|x86
		{D85585E9-4032-4ED4-9456-31789F374C51}.Debug|Any CPU.ActiveCfg = Debug|Any CPU
		{D85585E9-4032-4ED4-9456-31789F374C51}.Debug|Any CPU.Build.0 = Debug|Any CPU
		{D85585E9-4032-4ED4-9456-31789F374C51}.Debug|Default.ActiveCfg = Debug|Any CPU
		{D85585E9-4032-4ED4-9456-31789F374C51}.Debug|Default.Build.0 = Debug|Any CPU
		{D85585E9-4032-4ED4-9456-31789F374C51}.Debug|Mixed Platforms.ActiveCfg = Debug|x86
		{D85585E9-4032-4ED4-9456-31789F374C51}.Debug|Mixed Platforms.Build.0 = Debug|x86
		{D85585E9-4032-4ED4-9456-31789F374C51}.Debug|Win32.ActiveCfg = Debug|x86
		{D85585E9-4032-4ED4-9456-31789F374C51}.Debug|Win32.Build.0 = Debug|x86
		{D85585E9-4032-4ED4-9456-31789F374C51}.Debug|x86.ActiveCfg = Debug|x86
		{D85585E9-4032-4ED4-9456-31789F374C51}.Debug|x86.Build.0 = Debug|x86
		{424A8900-113F-4E39-9D13-364694E409E3}.Debug|Any CPU.ActiveCfg = Debug|Any CPU
		{424A8900-113F-4E39-9D13-364694E409E3}.Debug|Any CPU.Build.0 = Debug|Any CPU
		{424A8900-113F-4E39-9D13-364694E409E3}.Debug|Default.ActiveCfg = Debug|Any CPU
		{424A8900-113F-4E39-9D13-364694E409E3}.Debug|Default.Build.0 = Debug|Any CPU
		{424A8900-113F-4E39-9D13-364694E409E3}.Debug|Mixed Platforms.ActiveCfg = Debug|x86
		{424A8900-113F-4E39-9D13-364694E409E3}.Debug|Mixed Platforms.Build.0 = Debug|x86
		{424A8900-113F-4E39-9D13-364694E409E3}.Debug|Win32.ActiveCfg = Debug|x86
		{424A8900-113F-4E39-9D13-364694E409E3}.Debug|Win32.Build.0 = Debug|x86
		{424A8900-113F-4E39-9D13-364694E409E3}.Debug|x86.ActiveCfg = Debug|x86
		{424A8900-113F-4E39-9D13-364694E409E3}.Debug|x86.Build.0 = Debug|x86
		{DFDCC5DC-71D7-4C44-8AA1-5405955DC933}.Debug|Any CPU.ActiveCfg = Debug|Any CPU
		{DFDCC5DC-71D7-4C44-8AA1-5405955DC933}.Debug|Any CPU.Build.0 = Debug|Any CPU
		{DFDCC5DC-71D7-4C44-8AA1-5405955DC933}.Debug|Default.ActiveCfg = Debug|Any CPU
		{DFDCC5DC-71D7-4C44-8AA1-5405955DC933}.Debug|Default.Build.0 = Debug|Any CPU
		{DFDCC5DC-71D7-4C44-8AA1-5405955DC933}.Debug|Mixed Platforms.ActiveCfg = Debug|x86
		{DFDCC5DC-71D7-4C44-8AA1-5405955DC933}.Debug|Mixed Platforms.Build.0 = Debug|x86
		{DFDCC5DC-71D7-4C44-8AA1-5405955DC933}.Debug|Win32.ActiveCfg = Debug|x86
		{DFDCC5DC-71D7-4C44-8AA1-5405955DC933}.Debug|Win32.Build.0 = Debug|x86
		{DFDCC5DC-71D7-4C44-8AA1-5405955DC933}.Debug|x86.ActiveCfg = Debug|x86
		{DFDCC5DC-71D7-4C44-8AA1-5405955DC933}.Debug|x86.Build.0 = Debug|x86
		{6551F6BE-6950-451A-BB57-29DCB46B4DBA}.Debug|Any CPU.ActiveCfg = Debug|Any CPU
		{6551F6BE-6950-451A-BB57-29DCB46B4DBA}.Debug|Any CPU.Build.0 = Debug|Any CPU
		{6551F6BE-6950-451A-BB57-29DCB46B4DBA}.Debug|Default.ActiveCfg = Debug|Any CPU
		{6551F6BE-6950-451A-BB57-29DCB46B4DBA}.Debug|Default.Build.0 = Debug|Any CPU
		{6551F6BE-6950-451A-BB57-29DCB46B4DBA}.Debug|Mixed Platforms.ActiveCfg = Debug|x86
		{6551F6BE-6950-451A-BB57-29DCB46B4DBA}.Debug|Mixed Platforms.Build.0 = Debug|x86
		{6551F6BE-6950-451A-BB57-29DCB46B4DBA}.Debug|Win32.ActiveCfg = Debug|x86
		{6551F6BE-6950-451A-BB57-29DCB46B4DBA}.Debug|Win32.Build.0 = Debug|x86
		{6551F6BE-6950-451A-BB57-29DCB46B4DBA}.Debug|x86.ActiveCfg = Debug|x86
		{6551F6BE-6950-451A-BB57-29DCB46B4DBA}.Debug|x86.Build.0 = Debug|x86
		{BF362217-EDC2-4648-AECE-C78E65B1B1FD}.Debug|Any CPU.ActiveCfg = Debug|x86
		{BF362217-EDC2-4648-AECE-C78E65B1B1FD}.Debug|Default.ActiveCfg = Debug|x86
		{BF362217-EDC2-4648-AECE-C78E65B1B1FD}.Debug|Mixed Platforms.ActiveCfg = Debug|x86
		{BF362217-EDC2-4648-AECE-C78E65B1B1FD}.Debug|Mixed Platforms.Build.0 = Debug|x86
		{BF362217-EDC2-4648-AECE-C78E65B1B1FD}.Debug|Win32.ActiveCfg = Debug|x86
		{BF362217-EDC2-4648-AECE-C78E65B1B1FD}.Debug|Win32.Build.0 = Debug|x86
		{BF362217-EDC2-4648-AECE-C78E65B1B1FD}.Debug|x86.ActiveCfg = Debug|x86
		{BF362217-EDC2-4648-AECE-C78E65B1B1FD}.Debug|x86.Build.0 = Debug|x86
		{E5984E3A-4A36-453D-AAC4-66B69857B32C}.Debug|Any CPU.ActiveCfg = Debug|x86
		{E5984E3A-4A36-453D-AAC4-66B69857B32C}.Debug|Default.ActiveCfg = Debug|x86
		{E5984E3A-4A36-453D-AAC4-66B69857B32C}.Debug|Mixed Platforms.ActiveCfg = Debug|x86
		{E5984E3A-4A36-453D-AAC4-66B69857B32C}.Debug|Mixed Platforms.Build.0 = Debug|x86
		{E5984E3A-4A36-453D-AAC4-66B69857B32C}.Debug|Win32.ActiveCfg = Debug|x86
		{E5984E3A-4A36-453D-AAC4-66B69857B32C}.Debug|Win32.Build.0 = Debug|x86
		{E5984E3A-4A36-453D-AAC4-66B69857B32C}.Debug|x86.ActiveCfg = Debug|x86
		{E5984E3A-4A36-453D-AAC4-66B69857B32C}.Debug|x86.Build.0 = Debug|x86
		{008993C9-9795-4209-AB98-34101B4430A7}.Debug|Any CPU.ActiveCfg = Debug|Any CPU
		{008993C9-9795-4209-AB98-34101B4430A7}.Debug|Any CPU.Build.0 = Debug|Any CPU
		{008993C9-9795-4209-AB98-34101B4430A7}.Debug|Default.ActiveCfg = Debug|Any CPU
		{008993C9-9795-4209-AB98-34101B4430A7}.Debug|Default.Build.0 = Debug|Any CPU
		{008993C9-9795-4209-AB98-34101B4430A7}.Debug|Mixed Platforms.ActiveCfg = Debug|x86
		{008993C9-9795-4209-AB98-34101B4430A7}.Debug|Mixed Platforms.Build.0 = Debug|x86
		{008993C9-9795-4209-AB98-34101B4430A7}.Debug|Win32.ActiveCfg = Debug|x86
		{008993C9-9795-4209-AB98-34101B4430A7}.Debug|Win32.Build.0 = Debug|x86
		{008993C9-9795-4209-AB98-34101B4430A7}.Debug|x86.ActiveCfg = Debug|x86
		{008993C9-9795-4209-AB98-34101B4430A7}.Debug|x86.Build.0 = Debug|x86
		{382A5E90-9BEF-4DE6-9D2F-248E071F539A}.Debug|Any CPU.ActiveCfg = Debug|Any CPU
		{382A5E90-9BEF-4DE6-9D2F-248E071F539A}.Debug|Any CPU.Build.0 = Debug|Any CPU
		{382A5E90-9BEF-4DE6-9D2F-248E071F539A}.Debug|Default.ActiveCfg = Debug|Any CPU
		{382A5E90-9BEF-4DE6-9D2F-248E071F539A}.Debug|Default.Build.0 = Debug|Any CPU
		{382A5E90-9BEF-4DE6-9D2F-248E071F539A}.Debug|Mixed Platforms.ActiveCfg = Debug|x86
		{382A5E90-9BEF-4DE6-9D2F-248E071F539A}.Debug|Mixed Platforms.Build.0 = Debug|x86
		{382A5E90-9BEF-4DE6-9D2F-248E071F539A}.Debug|Win32.ActiveCfg = Debug|x86
		{382A5E90-9BEF-4DE6-9D2F-248E071F539A}.Debug|Win32.Build.0 = Debug|x86
		{382A5E90-9BEF-4DE6-9D2F-248E071F539A}.Debug|x86.ActiveCfg = Debug|x86
		{382A5E90-9BEF-4DE6-9D2F-248E071F539A}.Debug|x86.Build.0 = Debug|x86
		{8C3A5B52-1AE7-44BF-9215-2DE09C101BE9}.Debug|Any CPU.ActiveCfg = Debug|Any CPU
		{8C3A5B52-1AE7-44BF-9215-2DE09C101BE9}.Debug|Any CPU.Build.0 = Debug|Any CPU
		{8C3A5B52-1AE7-44BF-9215-2DE09C101BE9}.Debug|Default.ActiveCfg = Debug|Any CPU
		{8C3A5B52-1AE7-44BF-9215-2DE09C101BE9}.Debug|Default.Build.0 = Debug|Any CPU
		{8C3A5B52-1AE7-44BF-9215-2DE09C101BE9}.Debug|Mixed Platforms.ActiveCfg = Debug|x86
		{8C3A5B52-1AE7-44BF-9215-2DE09C101BE9}.Debug|Mixed Platforms.Build.0 = Debug|x86
		{8C3A5B52-1AE7-44BF-9215-2DE09C101BE9}.Debug|Win32.ActiveCfg = Debug|x86
		{8C3A5B52-1AE7-44BF-9215-2DE09C101BE9}.Debug|Win32.Build.0 = Debug|x86
		{8C3A5B52-1AE7-44BF-9215-2DE09C101BE9}.Debug|x86.ActiveCfg = Debug|x86
		{8C3A5B52-1AE7-44BF-9215-2DE09C101BE9}.Debug|x86.Build.0 = Debug|x86
		{50DEE389-70E7-4C63-AE73-61A1E5EDDFEB}.Debug|Any CPU.ActiveCfg = Debug|Any CPU
		{50DEE389-70E7-4C63-AE73-61A1E5EDDFEB}.Debug|Any CPU.Build.0 = Debug|Any CPU
		{50DEE389-70E7-4C63-AE73-61A1E5EDDFEB}.Debug|Default.ActiveCfg = Debug|Any CPU
		{50DEE389-70E7-4C63-AE73-61A1E5EDDFEB}.Debug|Default.Build.0 = Debug|Any CPU
		{50DEE389-70E7-4C63-AE73-61A1E5EDDFEB}.Debug|Mixed Platforms.ActiveCfg = Debug|x86
		{50DEE389-70E7-4C63-AE73-61A1E5EDDFEB}.Debug|Mixed Platforms.Build.0 = Debug|x86
		{50DEE389-70E7-4C63-AE73-61A1E5EDDFEB}.Debug|Win32.ActiveCfg = Debug|x86
		{50DEE389-70E7-4C63-AE73-61A1E5EDDFEB}.Debug|Win32.Build.0 = Debug|x86
		{50DEE389-70E7-4C63-AE73-61A1E5EDDFEB}.Debug|x86.ActiveCfg = Debug|x86
		{50DEE389-70E7-4C63-AE73-61A1E5EDDFEB}.Debug|x86.Build.0 = Debug|x86
		{A97D43F0-A3BE-4B35-8BFD-7932E0795E24}.Debug|Any CPU.ActiveCfg = Debug|Any CPU
		{A97D43F0-A3BE-4B35-8BFD-7932E0795E24}.Debug|Any CPU.Build.0 = Debug|Any CPU
		{A97D43F0-A3BE-4B35-8BFD-7932E0795E24}.Debug|Default.ActiveCfg = Debug|Any CPU
		{A97D43F0-A3BE-4B35-8BFD-7932E0795E24}.Debug|Default.Build.0 = Debug|Any CPU
		{A97D43F0-A3BE-4B35-8BFD-7932E0795E24}.Debug|Mixed Platforms.ActiveCfg = Debug|x86
		{A97D43F0-A3BE-4B35-8BFD-7932E0795E24}.Debug|Mixed Platforms.Build.0 = Debug|x86
		{A97D43F0-A3BE-4B35-8BFD-7932E0795E24}.Debug|Win32.ActiveCfg = Debug|x86
		{A97D43F0-A3BE-4B35-8BFD-7932E0795E24}.Debug|Win32.Build.0 = Debug|x86
		{A97D43F0-A3BE-4B35-8BFD-7932E0795E24}.Debug|x86.ActiveCfg = Debug|x86
		{A97D43F0-A3BE-4B35-8BFD-7932E0795E24}.Debug|x86.Build.0 = Debug|x86
		{7B1C9363-67BC-4B10-9667-9DCAF01171DD}.Debug|Any CPU.ActiveCfg = Debug|Any CPU
		{7B1C9363-67BC-4B10-9667-9DCAF01171DD}.Debug|Any CPU.Build.0 = Debug|Any CPU
		{7B1C9363-67BC-4B10-9667-9DCAF01171DD}.Debug|Default.ActiveCfg = Debug|Any CPU
		{7B1C9363-67BC-4B10-9667-9DCAF01171DD}.Debug|Default.Build.0 = Debug|Any CPU
		{7B1C9363-67BC-4B10-9667-9DCAF01171DD}.Debug|Mixed Platforms.ActiveCfg = Debug|x86
		{7B1C9363-67BC-4B10-9667-9DCAF01171DD}.Debug|Mixed Platforms.Build.0 = Debug|x86
		{7B1C9363-67BC-4B10-9667-9DCAF01171DD}.Debug|Win32.ActiveCfg = Debug|x86
		{7B1C9363-67BC-4B10-9667-9DCAF01171DD}.Debug|Win32.Build.0 = Debug|x86
		{7B1C9363-67BC-4B10-9667-9DCAF01171DD}.Debug|x86.ActiveCfg = Debug|x86
		{7B1C9363-67BC-4B10-9667-9DCAF01171DD}.Debug|x86.Build.0 = Debug|x86
		{FCADD5D7-4D93-41E2-9F8B-915D14E10D24}.Debug|Any CPU.ActiveCfg = Debug|Any CPU
		{FCADD5D7-4D93-41E2-9F8B-915D14E10D24}.Debug|Any CPU.Build.0 = Debug|Any CPU
		{FCADD5D7-4D93-41E2-9F8B-915D14E10D24}.Debug|Default.ActiveCfg = Debug|Any CPU
		{FCADD5D7-4D93-41E2-9F8B-915D14E10D24}.Debug|Default.Build.0 = Debug|Any CPU
		{FCADD5D7-4D93-41E2-9F8B-915D14E10D24}.Debug|Mixed Platforms.ActiveCfg = Debug|x86
		{FCADD5D7-4D93-41E2-9F8B-915D14E10D24}.Debug|Mixed Platforms.Build.0 = Debug|x86
		{FCADD5D7-4D93-41E2-9F8B-915D14E10D24}.Debug|Win32.ActiveCfg = Debug|x86
		{FCADD5D7-4D93-41E2-9F8B-915D14E10D24}.Debug|Win32.Build.0 = Debug|x86
		{FCADD5D7-4D93-41E2-9F8B-915D14E10D24}.Debug|x86.ActiveCfg = Debug|x86
		{FCADD5D7-4D93-41E2-9F8B-915D14E10D24}.Debug|x86.Build.0 = Debug|x86
		{1F2837C6-05E6-4FE2-88C8-0E58E8CE21D2}.Debug|Any CPU.ActiveCfg = Debug|Any CPU
		{1F2837C6-05E6-4FE2-88C8-0E58E8CE21D2}.Debug|Any CPU.Build.0 = Debug|Any CPU
		{1F2837C6-05E6-4FE2-88C8-0E58E8CE21D2}.Debug|Default.ActiveCfg = Debug|Any CPU
		{1F2837C6-05E6-4FE2-88C8-0E58E8CE21D2}.Debug|Default.Build.0 = Debug|Any CPU
		{1F2837C6-05E6-4FE2-88C8-0E58E8CE21D2}.Debug|Mixed Platforms.ActiveCfg = Debug|x86
		{1F2837C6-05E6-4FE2-88C8-0E58E8CE21D2}.Debug|Mixed Platforms.Build.0 = Debug|x86
		{1F2837C6-05E6-4FE2-88C8-0E58E8CE21D2}.Debug|Win32.ActiveCfg = Debug|x86
		{1F2837C6-05E6-4FE2-88C8-0E58E8CE21D2}.Debug|Win32.Build.0 = Debug|x86
		{1F2837C6-05E6-4FE2-88C8-0E58E8CE21D2}.Debug|x86.ActiveCfg = Debug|x86
		{1F2837C6-05E6-4FE2-88C8-0E58E8CE21D2}.Debug|x86.Build.0 = Debug|x86
		{0E1C4D81-B621-4583-A75A-39F32E5EDBA1}.Debug|Any CPU.ActiveCfg = Debug|Any CPU
		{0E1C4D81-B621-4583-A75A-39F32E5EDBA1}.Debug|Any CPU.Build.0 = Debug|Any CPU
		{0E1C4D81-B621-4583-A75A-39F32E5EDBA1}.Debug|Default.ActiveCfg = Debug|Any CPU
		{0E1C4D81-B621-4583-A75A-39F32E5EDBA1}.Debug|Default.Build.0 = Debug|Any CPU
		{0E1C4D81-B621-4583-A75A-39F32E5EDBA1}.Debug|Mixed Platforms.ActiveCfg = Debug|x86
		{0E1C4D81-B621-4583-A75A-39F32E5EDBA1}.Debug|Mixed Platforms.Build.0 = Debug|x86
		{0E1C4D81-B621-4583-A75A-39F32E5EDBA1}.Debug|Win32.ActiveCfg = Debug|x86
		{0E1C4D81-B621-4583-A75A-39F32E5EDBA1}.Debug|Win32.Build.0 = Debug|x86
		{0E1C4D81-B621-4583-A75A-39F32E5EDBA1}.Debug|x86.ActiveCfg = Debug|x86
		{0E1C4D81-B621-4583-A75A-39F32E5EDBA1}.Debug|x86.Build.0 = Debug|x86
		{5384CE57-1F94-4D22-860D-2E9C1AC12DDF}.Debug|Any CPU.ActiveCfg = Debug|x86
		{5384CE57-1F94-4D22-860D-2E9C1AC12DDF}.Debug|Default.ActiveCfg = Debug|x86
		{5384CE57-1F94-4D22-860D-2E9C1AC12DDF}.Debug|Mixed Platforms.ActiveCfg = Debug|x86
		{5384CE57-1F94-4D22-860D-2E9C1AC12DDF}.Debug|Mixed Platforms.Build.0 = Debug|x86
		{5384CE57-1F94-4D22-860D-2E9C1AC12DDF}.Debug|Win32.ActiveCfg = Debug|x86
		{5384CE57-1F94-4D22-860D-2E9C1AC12DDF}.Debug|Win32.Build.0 = Debug|x86
		{5384CE57-1F94-4D22-860D-2E9C1AC12DDF}.Debug|x86.ActiveCfg = Debug|x86
		{5384CE57-1F94-4D22-860D-2E9C1AC12DDF}.Debug|x86.Build.0 = Debug|x86
		{CFDB7D46-EA8D-47DE-B10A-9E755A1B48BA}.Debug|Any CPU.ActiveCfg = Debug|x86
		{CFDB7D46-EA8D-47DE-B10A-9E755A1B48BA}.Debug|Default.ActiveCfg = Debug|x86
		{CFDB7D46-EA8D-47DE-B10A-9E755A1B48BA}.Debug|Mixed Platforms.ActiveCfg = Debug|x86
		{CFDB7D46-EA8D-47DE-B10A-9E755A1B48BA}.Debug|Mixed Platforms.Build.0 = Debug|x86
		{CFDB7D46-EA8D-47DE-B10A-9E755A1B48BA}.Debug|Win32.ActiveCfg = Debug|x86
		{CFDB7D46-EA8D-47DE-B10A-9E755A1B48BA}.Debug|Win32.Build.0 = Debug|x86
		{CFDB7D46-EA8D-47DE-B10A-9E755A1B48BA}.Debug|x86.ActiveCfg = Debug|x86
		{CFDB7D46-EA8D-47DE-B10A-9E755A1B48BA}.Debug|x86.Build.0 = Debug|x86
		{7AB36CCF-5FFD-4780-A54E-A102ECA028B5}.Debug|Any CPU.ActiveCfg = Debug|Any CPU
		{7AB36CCF-5FFD-4780-A54E-A102ECA028B5}.Debug|Any CPU.Build.0 = Debug|Any CPU
		{7AB36CCF-5FFD-4780-A54E-A102ECA028B5}.Debug|Default.ActiveCfg = Debug|Any CPU
		{7AB36CCF-5FFD-4780-A54E-A102ECA028B5}.Debug|Default.Build.0 = Debug|Any CPU
		{7AB36CCF-5FFD-4780-A54E-A102ECA028B5}.Debug|Mixed Platforms.ActiveCfg = Debug|x86
		{7AB36CCF-5FFD-4780-A54E-A102ECA028B5}.Debug|Mixed Platforms.Build.0 = Debug|x86
		{7AB36CCF-5FFD-4780-A54E-A102ECA028B5}.Debug|Win32.ActiveCfg = Debug|x86
		{7AB36CCF-5FFD-4780-A54E-A102ECA028B5}.Debug|Win32.Build.0 = Debug|x86
		{7AB36CCF-5FFD-4780-A54E-A102ECA028B5}.Debug|x86.ActiveCfg = Debug|x86
		{7AB36CCF-5FFD-4780-A54E-A102ECA028B5}.Debug|x86.Build.0 = Debug|x86
		{D9A2BE12-861F-403A-8E99-9F6A3A11DBFC}.Debug|Any CPU.ActiveCfg = Debug|Any CPU
		{D9A2BE12-861F-403A-8E99-9F6A3A11DBFC}.Debug|Any CPU.Build.0 = Debug|Any CPU
		{D9A2BE12-861F-403A-8E99-9F6A3A11DBFC}.Debug|Default.ActiveCfg = Debug|Any CPU
		{D9A2BE12-861F-403A-8E99-9F6A3A11DBFC}.Debug|Default.Build.0 = Debug|Any CPU
		{D9A2BE12-861F-403A-8E99-9F6A3A11DBFC}.Debug|Mixed Platforms.ActiveCfg = Debug|x86
		{D9A2BE12-861F-403A-8E99-9F6A3A11DBFC}.Debug|Mixed Platforms.Build.0 = Debug|x86
		{D9A2BE12-861F-403A-8E99-9F6A3A11DBFC}.Debug|Win32.ActiveCfg = Debug|x86
		{D9A2BE12-861F-403A-8E99-9F6A3A11DBFC}.Debug|Win32.Build.0 = Debug|x86
		{D9A2BE12-861F-403A-8E99-9F6A3A11DBFC}.Debug|x86.ActiveCfg = Debug|x86
		{D9A2BE12-861F-403A-8E99-9F6A3A11DBFC}.Debug|x86.Build.0 = Debug|x86
		{C5AF8268-1151-41FF-81A5-B412D797DA4F}.Debug|Any CPU.ActiveCfg = Debug|Any CPU
		{C5AF8268-1151-41FF-81A5-B412D797DA4F}.Debug|Any CPU.Build.0 = Debug|Any CPU
		{C5AF8268-1151-41FF-81A5-B412D797DA4F}.Debug|Default.ActiveCfg = Debug|Any CPU
		{C5AF8268-1151-41FF-81A5-B412D797DA4F}.Debug|Default.Build.0 = Debug|Any CPU
		{C5AF8268-1151-41FF-81A5-B412D797DA4F}.Debug|Mixed Platforms.ActiveCfg = Debug|x86
		{C5AF8268-1151-41FF-81A5-B412D797DA4F}.Debug|Mixed Platforms.Build.0 = Debug|x86
		{C5AF8268-1151-41FF-81A5-B412D797DA4F}.Debug|Win32.ActiveCfg = Debug|x86
		{C5AF8268-1151-41FF-81A5-B412D797DA4F}.Debug|Win32.Build.0 = Debug|x86
		{C5AF8268-1151-41FF-81A5-B412D797DA4F}.Debug|x86.ActiveCfg = Debug|x86
		{C5AF8268-1151-41FF-81A5-B412D797DA4F}.Debug|x86.Build.0 = Debug|x86
		{59147CAC-3A86-4160-830A-442B26AFBF7F}.Debug|Any CPU.ActiveCfg = Debug|Any CPU
		{59147CAC-3A86-4160-830A-442B26AFBF7F}.Debug|Any CPU.Build.0 = Debug|Any CPU
		{59147CAC-3A86-4160-830A-442B26AFBF7F}.Debug|Default.ActiveCfg = Debug|Any CPU
		{59147CAC-3A86-4160-830A-442B26AFBF7F}.Debug|Default.Build.0 = Debug|Any CPU
		{59147CAC-3A86-4160-830A-442B26AFBF7F}.Debug|Mixed Platforms.ActiveCfg = Debug|x86
		{59147CAC-3A86-4160-830A-442B26AFBF7F}.Debug|Mixed Platforms.Build.0 = Debug|x86
		{59147CAC-3A86-4160-830A-442B26AFBF7F}.Debug|Win32.ActiveCfg = Debug|x86
		{59147CAC-3A86-4160-830A-442B26AFBF7F}.Debug|Win32.Build.0 = Debug|x86
		{59147CAC-3A86-4160-830A-442B26AFBF7F}.Debug|x86.ActiveCfg = Debug|x86
		{59147CAC-3A86-4160-830A-442B26AFBF7F}.Debug|x86.Build.0 = Debug|x86
		{7F6C5DAC-61D3-4FB6-807D-57C041B4784D}.Debug|Any CPU.ActiveCfg = Debug|Any CPU
		{7F6C5DAC-61D3-4FB6-807D-57C041B4784D}.Debug|Any CPU.Build.0 = Debug|Any CPU
		{7F6C5DAC-61D3-4FB6-807D-57C041B4784D}.Debug|Default.ActiveCfg = Debug|Any CPU
		{7F6C5DAC-61D3-4FB6-807D-57C041B4784D}.Debug|Default.Build.0 = Debug|Any CPU
		{7F6C5DAC-61D3-4FB6-807D-57C041B4784D}.Debug|Mixed Platforms.ActiveCfg = Debug|x86
		{7F6C5DAC-61D3-4FB6-807D-57C041B4784D}.Debug|Mixed Platforms.Build.0 = Debug|x86
		{7F6C5DAC-61D3-4FB6-807D-57C041B4784D}.Debug|Win32.ActiveCfg = Debug|x86
		{7F6C5DAC-61D3-4FB6-807D-57C041B4784D}.Debug|Win32.Build.0 = Debug|x86
		{7F6C5DAC-61D3-4FB6-807D-57C041B4784D}.Debug|x86.ActiveCfg = Debug|x86
		{7F6C5DAC-61D3-4FB6-807D-57C041B4784D}.Debug|x86.Build.0 = Debug|x86
		{AEA49A3D-AA79-4326-AC7E-5D609F4766AB}.Debug|Any CPU.ActiveCfg = Debug|Any CPU
		{AEA49A3D-AA79-4326-AC7E-5D609F4766AB}.Debug|Any CPU.Build.0 = Debug|Any CPU
		{AEA49A3D-AA79-4326-AC7E-5D609F4766AB}.Debug|Default.ActiveCfg = Debug|Any CPU
		{AEA49A3D-AA79-4326-AC7E-5D609F4766AB}.Debug|Default.Build.0 = Debug|Any CPU
		{AEA49A3D-AA79-4326-AC7E-5D609F4766AB}.Debug|Mixed Platforms.ActiveCfg = Debug|x86
		{AEA49A3D-AA79-4326-AC7E-5D609F4766AB}.Debug|Mixed Platforms.Build.0 = Debug|x86
		{AEA49A3D-AA79-4326-AC7E-5D609F4766AB}.Debug|Win32.ActiveCfg = Debug|x86
		{AEA49A3D-AA79-4326-AC7E-5D609F4766AB}.Debug|Win32.Build.0 = Debug|x86
		{AEA49A3D-AA79-4326-AC7E-5D609F4766AB}.Debug|x86.ActiveCfg = Debug|x86
		{AEA49A3D-AA79-4326-AC7E-5D609F4766AB}.Debug|x86.Build.0 = Debug|x86
		{42DA03EC-9A5C-427C-8189-34FD39F4B4AC}.Debug|Any CPU.ActiveCfg = Debug|Any CPU
		{42DA03EC-9A5C-427C-8189-34FD39F4B4AC}.Debug|Any CPU.Build.0 = Debug|Any CPU
		{42DA03EC-9A5C-427C-8189-34FD39F4B4AC}.Debug|Default.ActiveCfg = Debug|Any CPU
		{42DA03EC-9A5C-427C-8189-34FD39F4B4AC}.Debug|Default.Build.0 = Debug|Any CPU
		{42DA03EC-9A5C-427C-8189-34FD39F4B4AC}.Debug|Mixed Platforms.ActiveCfg = Debug|x86
		{42DA03EC-9A5C-427C-8189-34FD39F4B4AC}.Debug|Mixed Platforms.Build.0 = Debug|x86
		{42DA03EC-9A5C-427C-8189-34FD39F4B4AC}.Debug|Win32.ActiveCfg = Debug|x86
		{42DA03EC-9A5C-427C-8189-34FD39F4B4AC}.Debug|Win32.Build.0 = Debug|x86
		{42DA03EC-9A5C-427C-8189-34FD39F4B4AC}.Debug|x86.ActiveCfg = Debug|x86
		{42DA03EC-9A5C-427C-8189-34FD39F4B4AC}.Debug|x86.Build.0 = Debug|x86
		{84397994-CDFB-409E-A9A9-393FAD23D424}.Debug|Any CPU.ActiveCfg = Debug|Any CPU
		{84397994-CDFB-409E-A9A9-393FAD23D424}.Debug|Any CPU.Build.0 = Debug|Any CPU
		{84397994-CDFB-409E-A9A9-393FAD23D424}.Debug|Default.ActiveCfg = Debug|Any CPU
		{84397994-CDFB-409E-A9A9-393FAD23D424}.Debug|Default.Build.0 = Debug|Any CPU
		{84397994-CDFB-409E-A9A9-393FAD23D424}.Debug|Mixed Platforms.ActiveCfg = Debug|x86
		{84397994-CDFB-409E-A9A9-393FAD23D424}.Debug|Mixed Platforms.Build.0 = Debug|x86
		{84397994-CDFB-409E-A9A9-393FAD23D424}.Debug|Win32.ActiveCfg = Debug|x86
		{84397994-CDFB-409E-A9A9-393FAD23D424}.Debug|Win32.Build.0 = Debug|x86
		{84397994-CDFB-409E-A9A9-393FAD23D424}.Debug|x86.ActiveCfg = Debug|x86
		{84397994-CDFB-409E-A9A9-393FAD23D424}.Debug|x86.Build.0 = Debug|x86
		{2BD4258B-463F-4000-A9E1-0CE1116D7F92}.Debug|Any CPU.ActiveCfg = Debug|Any CPU
		{2BD4258B-463F-4000-A9E1-0CE1116D7F92}.Debug|Any CPU.Build.0 = Debug|Any CPU
		{2BD4258B-463F-4000-A9E1-0CE1116D7F92}.Debug|Default.ActiveCfg = Debug|Any CPU
		{2BD4258B-463F-4000-A9E1-0CE1116D7F92}.Debug|Default.Build.0 = Debug|Any CPU
		{2BD4258B-463F-4000-A9E1-0CE1116D7F92}.Debug|Mixed Platforms.ActiveCfg = Debug|x86
		{2BD4258B-463F-4000-A9E1-0CE1116D7F92}.Debug|Mixed Platforms.Build.0 = Debug|x86
		{2BD4258B-463F-4000-A9E1-0CE1116D7F92}.Debug|Win32.ActiveCfg = Debug|x86
		{2BD4258B-463F-4000-A9E1-0CE1116D7F92}.Debug|Win32.Build.0 = Debug|x86
		{2BD4258B-463F-4000-A9E1-0CE1116D7F92}.Debug|x86.ActiveCfg = Debug|x86
		{2BD4258B-463F-4000-A9E1-0CE1116D7F92}.Debug|x86.Build.0 = Debug|x86
		{FFE2FCC5-3D42-4A40-AC77-C75CB04DA498}.Debug|Any CPU.ActiveCfg = Debug|x86
		{FFE2FCC5-3D42-4A40-AC77-C75CB04DA498}.Debug|Default.ActiveCfg = Debug|x86
		{FFE2FCC5-3D42-4A40-AC77-C75CB04DA498}.Debug|Mixed Platforms.ActiveCfg = Debug|x86
		{FFE2FCC5-3D42-4A40-AC77-C75CB04DA498}.Debug|Mixed Platforms.Build.0 = Debug|x86
		{FFE2FCC5-3D42-4A40-AC77-C75CB04DA498}.Debug|Win32.ActiveCfg = Debug|x86
		{FFE2FCC5-3D42-4A40-AC77-C75CB04DA498}.Debug|Win32.Build.0 = Debug|x86
		{FFE2FCC5-3D42-4A40-AC77-C75CB04DA498}.Debug|x86.ActiveCfg = Debug|x86
		{FFE2FCC5-3D42-4A40-AC77-C75CB04DA498}.Debug|x86.Build.0 = Debug|x86
		{0FDAADD3-3C5A-408E-B065-40EDF5CCB0EE}.Debug|Any CPU.ActiveCfg = Debug|Any CPU
		{0FDAADD3-3C5A-408E-B065-40EDF5CCB0EE}.Debug|Any CPU.Build.0 = Debug|Any CPU
		{0FDAADD3-3C5A-408E-B065-40EDF5CCB0EE}.Debug|Default.ActiveCfg = Debug|Any CPU
		{0FDAADD3-3C5A-408E-B065-40EDF5CCB0EE}.Debug|Default.Build.0 = Debug|Any CPU
		{0FDAADD3-3C5A-408E-B065-40EDF5CCB0EE}.Debug|Mixed Platforms.ActiveCfg = Debug|x86
		{0FDAADD3-3C5A-408E-B065-40EDF5CCB0EE}.Debug|Mixed Platforms.Build.0 = Debug|x86
		{0FDAADD3-3C5A-408E-B065-40EDF5CCB0EE}.Debug|Win32.ActiveCfg = Debug|x86
		{0FDAADD3-3C5A-408E-B065-40EDF5CCB0EE}.Debug|Win32.Build.0 = Debug|x86
		{0FDAADD3-3C5A-408E-B065-40EDF5CCB0EE}.Debug|x86.ActiveCfg = Debug|x86
		{0FDAADD3-3C5A-408E-B065-40EDF5CCB0EE}.Debug|x86.Build.0 = Debug|x86
		{D196A039-63D2-4A0A-9441-7606A3840D5B}.Debug|Any CPU.ActiveCfg = Debug|Any CPU
		{D196A039-63D2-4A0A-9441-7606A3840D5B}.Debug|Any CPU.Build.0 = Debug|Any CPU
		{D196A039-63D2-4A0A-9441-7606A3840D5B}.Debug|Default.ActiveCfg = Debug|Any CPU
		{D196A039-63D2-4A0A-9441-7606A3840D5B}.Debug|Default.Build.0 = Debug|Any CPU
		{D196A039-63D2-4A0A-9441-7606A3840D5B}.Debug|Mixed Platforms.ActiveCfg = Debug|x86
		{D196A039-63D2-4A0A-9441-7606A3840D5B}.Debug|Mixed Platforms.Build.0 = Debug|x86
		{D196A039-63D2-4A0A-9441-7606A3840D5B}.Debug|Win32.ActiveCfg = Debug|x86
		{D196A039-63D2-4A0A-9441-7606A3840D5B}.Debug|Win32.Build.0 = Debug|x86
		{D196A039-63D2-4A0A-9441-7606A3840D5B}.Debug|x86.ActiveCfg = Debug|x86
		{D196A039-63D2-4A0A-9441-7606A3840D5B}.Debug|x86.Build.0 = Debug|x86
		{B52B6EA7-BF53-488C-81C6-025979652FDB}.Debug|Any CPU.ActiveCfg = Debug|Any CPU
		{B52B6EA7-BF53-488C-81C6-025979652FDB}.Debug|Any CPU.Build.0 = Debug|Any CPU
		{B52B6EA7-BF53-488C-81C6-025979652FDB}.Debug|Default.ActiveCfg = Debug|Any CPU
		{B52B6EA7-BF53-488C-81C6-025979652FDB}.Debug|Default.Build.0 = Debug|Any CPU
		{B52B6EA7-BF53-488C-81C6-025979652FDB}.Debug|Mixed Platforms.ActiveCfg = Debug|x86
		{B52B6EA7-BF53-488C-81C6-025979652FDB}.Debug|Mixed Platforms.Build.0 = Debug|x86
		{B52B6EA7-BF53-488C-81C6-025979652FDB}.Debug|Win32.ActiveCfg = Debug|x86
		{B52B6EA7-BF53-488C-81C6-025979652FDB}.Debug|Win32.Build.0 = Debug|x86
		{B52B6EA7-BF53-488C-81C6-025979652FDB}.Debug|x86.ActiveCfg = Debug|x86
		{B52B6EA7-BF53-488C-81C6-025979652FDB}.Debug|x86.Build.0 = Debug|x86
	EndGlobalSection
	GlobalSection(SolutionProperties) = preSolution
		HideSolutionNode = FALSE
	EndGlobalSection
	GlobalSection(NestedProjects) = preSolution
		{C1731EFD-2FFD-40D9-9833-FE3058FCDDB9} = {6A9730CC-D126-4862-B4F4-DFCB1ED107ED}
		{43B70FC5-4947-401C-BC48-21AA448F29C6} = {6A9730CC-D126-4862-B4F4-DFCB1ED107ED}
		{B8F806BC-8D50-4A46-A565-C4CD3A9C2B08} = {6A9730CC-D126-4862-B4F4-DFCB1ED107ED}
		{8956BA83-9F0D-4B62-AA97-6DF8D87FC593} = {6A9730CC-D126-4862-B4F4-DFCB1ED107ED}
		{24074395-0196-4204-B516-CB6DBA2FC4B9} = {6A9730CC-D126-4862-B4F4-DFCB1ED107ED}
		{E2C62890-29E3-4615-9B0B-89AD6583AE28} = {6A9730CC-D126-4862-B4F4-DFCB1ED107ED}
		{026D3CE9-5B8C-4D91-AEE4-4CBD22086696} = {6A6338F9-0AB4-439F-99C8-4B20838C0DC2}
		{478B1589-F7BD-46FC-A756-84B75225FA53} = {6A6338F9-0AB4-439F-99C8-4B20838C0DC2}
		{F53E8005-2594-477B-AF0E-A05A1478A9A6} = {6A6338F9-0AB4-439F-99C8-4B20838C0DC2}
		{D85585E9-4032-4ED4-9456-31789F374C51} = {6A6338F9-0AB4-439F-99C8-4B20838C0DC2}
		{424A8900-113F-4E39-9D13-364694E409E3} = {6A6338F9-0AB4-439F-99C8-4B20838C0DC2}
		{DFDCC5DC-71D7-4C44-8AA1-5405955DC933} = {6A6338F9-0AB4-439F-99C8-4B20838C0DC2}
		{6551F6BE-6950-451A-BB57-29DCB46B4DBA} = {6A6338F9-0AB4-439F-99C8-4B20838C0DC2}
		{BF362217-EDC2-4648-AECE-C78E65B1B1FD} = {6F210B3B-7396-45EE-82BA-AF1DF3E185A6}
		{E5984E3A-4A36-453D-AAC4-66B69857B32C} = {6F210B3B-7396-45EE-82BA-AF1DF3E185A6}
		{008993C9-9795-4209-AB98-34101B4430A7} = {6F210B3B-7396-45EE-82BA-AF1DF3E185A6}
		{382A5E90-9BEF-4DE6-9D2F-248E071F539A} = {6F210B3B-7396-45EE-82BA-AF1DF3E185A6}
		{8C3A5B52-1AE7-44BF-9215-2DE09C101BE9} = {6F210B3B-7396-45EE-82BA-AF1DF3E185A6}
		{50DEE389-70E7-4C63-AE73-61A1E5EDDFEB} = {6F210B3B-7396-45EE-82BA-AF1DF3E185A6}
		{A97D43F0-A3BE-4B35-8BFD-7932E0795E24} = {A0A308F2-3403-45BB-BAC2-9699C9815FAC}
		{7B1C9363-67BC-4B10-9667-9DCAF01171DD} = {A0A308F2-3403-45BB-BAC2-9699C9815FAC}
		{FCADD5D7-4D93-41E2-9F8B-915D14E10D24} = {D6908784-66A1-490F-92F0-FF59BB204637}
		{1F2837C6-05E6-4FE2-88C8-0E58E8CE21D2} = {D6908784-66A1-490F-92F0-FF59BB204637}
		{0E1C4D81-B621-4583-A75A-39F32E5EDBA1} = {D6908784-66A1-490F-92F0-FF59BB204637}
		{5384CE57-1F94-4D22-860D-2E9C1AC12DDF} = {D6908784-66A1-490F-92F0-FF59BB204637}
		{CFDB7D46-EA8D-47DE-B10A-9E755A1B48BA} = {D6908784-66A1-490F-92F0-FF59BB204637}
		{7AB36CCF-5FFD-4780-A54E-A102ECA028B5} = {D6908784-66A1-490F-92F0-FF59BB204637}
		{D9A2BE12-861F-403A-8E99-9F6A3A11DBFC} = {B34E5A7F-D7CA-4201-AE01-554F53204E45}
		{C5AF8268-1151-41FF-81A5-B412D797DA4F} = {B34E5A7F-D7CA-4201-AE01-554F53204E45}
		{59147CAC-3A86-4160-830A-442B26AFBF7F} = {B34E5A7F-D7CA-4201-AE01-554F53204E45}
		{7F6C5DAC-61D3-4FB6-807D-57C041B4784D} = {B34E5A7F-D7CA-4201-AE01-554F53204E45}
		{AEA49A3D-AA79-4326-AC7E-5D609F4766AB} = {B34E5A7F-D7CA-4201-AE01-554F53204E45}
		{42DA03EC-9A5C-427C-8189-34FD39F4B4AC} = {104BA456-89FE-4FE7-81A7-B76213905918}
		{84397994-CDFB-409E-A9A9-393FAD23D424} = {104BA456-89FE-4FE7-81A7-B76213905918}
		{2BD4258B-463F-4000-A9E1-0CE1116D7F92} = {104BA456-89FE-4FE7-81A7-B76213905918}
		{FFE2FCC5-3D42-4A40-AC77-C75CB04DA498} = {B34E5A7F-D7CA-4201-AE01-554F53204E45}
	EndGlobalSection
	GlobalSection(ExtensibilityGlobals) = postSolution
		SolutionGuid = {D030FAE3-9717-4AE4-A00A-443B271C252A}
	EndGlobalSection
	GlobalSection(SolutionConfigurationPlatforms) = preSolution
		Debug|Any CPU = Debug|Any CPU
		Debug|Default = Debug|Default
		Debug|Mixed Platforms = Debug|Mixed Platforms
		Debug|Win32 = Debug|Win32
		Debug|x86 = Debug|x86
		Release|Any CPU = Release|Any CPU
		Release|Default = Release|Default
		Release|Mixed Platforms = Release|Mixed Platforms
		Release|Win32 = Release|Win32
		Release|x86 = Release|x86
	EndGlobalSection
	GlobalSection(SolutionConfigurationPlatforms) = preSolution
		Debug|Any CPU = Debug|Any CPU
		Debug|Default = Debug|Default
		Debug|Mixed Platforms = Debug|Mixed Platforms
		Debug|Win32 = Debug|Win32
		Release|Any CPU = Release|Any CPU
		Release|Default = Release|Default
		Release|Mixed Platforms = Release|Mixed Platforms
		Release|x86 = Release|x86
		ReleaseTrial|Any CPU = ReleaseTrial|Any CPU
		ReleaseTrial|Default = ReleaseTrial|Default
		ReleaseTrial|Mixed Platforms = ReleaseTrial|Mixed Platforms
	EndGlobalSection
	GlobalSection(SolutionConfigurationPlatforms) = preSolution
		Debug|Any CPU = Debug|Any CPU
		Debug|Default = Debug|Default
		Debug|Mixed Platforms = Debug|Mixed Platforms
		Debug|Win32 = Debug|Win32
		Debug|x86 = Debug|x86
		Release|Any CPU = Release|Any CPU
		Release|Default = Release|Default
		Release|Mixed Platforms = Release|Mixed Platforms
		Release|Win32 = Release|Win32
		Release|x86 = Release|x86
	EndGlobalSection
	GlobalSection(SolutionConfigurationPlatforms) = preSolution
		Debug|Any CPU = Debug|Any CPU
		Debug|Default = Debug|Default
		Debug|Mixed Platforms = Debug|Mixed Platforms
		Debug|Win32 = Debug|Win32
		Debug|x86 = Debug|x86
		Release|Any CPU = Release|Any CPU
		Release|Default = Release|Default
		Release|Mixed Platforms = Release|Mixed Platforms
		Release|Win32 = Release|Win32
		Release|x86 = Release|x86
	EndGlobalSection
EndGlobal
